{
  "nodes": {
    "nixpkgs": {
      "locked": {
        "lastModified": 1724345964,
        "narHash": "sha256-6zWAoNMYZ1UiL5PSIbQQguw78gkqCfWEwIun+qnl3iA=",
        "owner": "NixOS",
        "repo": "nixpkgs",
        "rev": "c33918d57ccb75f511dd363588b5880e489549af",
        "type": "github"
      },
      "original": {
        "owner": "NixOS",
        "repo": "nixpkgs",
        "type": "github"
      }
    },
    "root": {
      "inputs": {
        "nixpkgs": "nixpkgs"
      }
    }
  },
  "root": "root",
  "version": 7
}
