{
  "nodes": {
    "nixpkgs": {
      "locked": {
        "lastModified": 1710997485,
        "narHash": "sha256-pKdA3ZHIEmcy7VEaaMkrXjtDX7lY5fnBuYQOvQSAlNY=",
        "owner": "NixOS",
        "repo": "nixpkgs",
        "rev": "9556d58fc97e4a1810129d6dd88c451fc2127aea",
        "type": "github"
      },
      "original": {
        "owner": "NixOS",
        "repo": "nixpkgs",
        "type": "github"
      }
    },
    "root": {
      "inputs": {
        "nixpkgs": "nixpkgs"
      }
    }
  },
  "root": "root",
  "version": 7
}
