{
  "nodes": {
    "nixpkgs": {
      "locked": {
        "lastModified": 1767387270,
        "narHash": "sha256-GKhAzYh+RcBlU+zdtMJkg52rSGi00SxXOVlaAqLOvVA=",
        "owner": "NixOS",
        "repo": "nixpkgs",
        "rev": "d804a77a856e4220d24239f7eecbd9cb897fa38c",
        "type": "github"
      },
      "original": {
        "owner": "NixOS",
        "repo": "nixpkgs",
        "type": "github"
      }
    },
    "root": {
      "inputs": {
        "nixpkgs": "nixpkgs"
      }
    }
  },
  "root": "root",
  "version": 7
}
